
Microsoft Visual Studio Solution File, Format Version 12.00
# Visual Studio Version 17
VisualStudioVersion = 17.4.33213.308
MinimumVisualStudioVersion = 10.0.40219.1
Project("{9A19103F-16F7-4668-BE54-9A1E7A4F7556}") = "HackerRank.Monitoring.Api", "HackerRank.Monitoring.Api\HackerRank.Monitoring.Api.csproj", "{43B7340B-77D5-476D-8CC2-1F29315715A4}"
EndProject
Project("{9A19103F-16F7-4668-BE54-9A1E7A4F7556}") = "HackerRank.Monitoring.Domain", "HackerRank.Monitoring.Domain\HackerRank.Monitoring.Domain.csproj", "{4E1D203F-7373-41A8-9CA8-5CD85556FE16}"
EndProject
Project("{9A19103F-16F7-4668-BE54-9A1E7A4F7556}") = "HackerRank.Monitoring.Infrastructrure", "HackerRank.Monitoring.Infrastructrure\HackerRank.Monitoring.Infrastructrure.csproj", "{5FB8FFD8-6CB1-4AB4-8952-4BD8983A1AED}"
EndProject
Global
	GlobalSection(SolutionConfigurationPlatforms) = preSolution
		Debug|Any CPU = Debug|Any CPU
		Release|Any CPU = Release|Any CPU
	EndGlobalSection
	GlobalSection(ProjectConfigurationPlatforms) = postSolution
		{43B7340B-77D5-476D-8CC2-1F29315715A4}.Debug|Any CPU.ActiveCfg = Debug|Any CPU
		{43B7340B-77D5-476D-8CC2-1F29315715A4}.Debug|Any CPU.Build.0 = Debug|Any CPU
		{43B7340B-77D5-476D-8CC2-1F29315715A4}.Release|Any CPU.ActiveCfg = Release|Any CPU
		{43B7340B-77D5-476D-8CC2-1F29315715A4}.Release|Any CPU.Build.0 = Release|Any CPU
		{4E1D203F-7373-41A8-9CA8-5CD85556FE16}.Debug|Any CPU.ActiveCfg = Debug|Any CPU
		{4E1D203F-7373-41A8-9CA8-5CD85556FE16}.Debug|Any CPU.Build.0 = Debug|Any CPU
		{4E1D203F-7373-41A8-9CA8-5CD85556FE16}.Release|Any CPU.ActiveCfg = Release|Any CPU
		{4E1D203F-7373-41A8-9CA8-5CD85556FE16}.Release|Any CPU.Build.0 = Release|Any CPU
		{5FB8FFD8-6CB1-4AB4-8952-4BD8983A1AED}.Debug|Any CPU.ActiveCfg = Debug|Any CPU
		{5FB8FFD8-6CB1-4AB4-8952-4BD8983A1AED}.Debug|Any CPU.Build.0 = Debug|Any CPU
		{5FB8FFD8-6CB1-4AB4-8952-4BD8983A1AED}.Release|Any CPU.ActiveCfg = Release|Any CPU
		{5FB8FFD8-6CB1-4AB4-8952-4BD8983A1AED}.Release|Any CPU.Build.0 = Release|Any CPU
	EndGlobalSection
	GlobalSection(SolutionProperties) = preSolution
		HideSolutionNode = FALSE
	EndGlobalSection
	GlobalSection(ExtensibilityGlobals) = postSolution
		SolutionGuid = {72AB050E-8DB5-459D-B469-3284B116429D}
	EndGlobalSection
EndGlobal
